
Microsoft Visual Studio Solution File, Format Version 12.00
# Visual Studio 15
VisualStudioVersion = 15.0.28307.168
MinimumVisualStudioVersion = 10.0.40219.1
Project("{FAE04EC0-301F-11D3-BF4B-00C04F79EFBC}") = "snake", "snake\snake.csproj", "{06C52A0C-2E86-4872-8522-730CDCFBD56C}"
EndProject
Global
	GlobalSection(SolutionConfigurationPlatforms) = preSolution
		Debug|Any CPU = Debug|Any CPU
		Release|Any CPU = Release|Any CPU
	EndGlobalSection
	GlobalSection(ProjectConfigurationPlatforms) = postSolution
		{06C52A0C-2E86-4872-8522-730CDCFBD56C}.Debug|Any CPU.ActiveCfg = Debug|Any CPU
		{06C52A0C-2E86-4872-8522-730CDCFBD56C}.Debug|Any CPU.Build.0 = Debug|Any CPU
		{06C52A0C-2E86-4872-8522-730CDCFBD56C}.Release|Any CPU.ActiveCfg = Release|Any CPU
		{06C52A0C-2E86-4872-8522-730CDCFBD56C}.Release|Any CPU.Build.0 = Release|Any CPU
	EndGlobalSection
	GlobalSection(SolutionProperties) = preSolution
		HideSolutionNode = FALSE
	EndGlobalSection
	GlobalSection(ExtensibilityGlobals) = postSolution
		SolutionGuid = {D99C16BE-913B-4A47-BDD2-97A1CC6C9DA9}
	EndGlobalSection
EndGlobal
